
Microsoft Visual Studio Solution File, Format Version 12.00
# Visual Studio Version 17
VisualStudioVersion = 17.5.002.0
MinimumVisualStudioVersion = 10.0.40219.1
Project("{9A19103F-16F7-4668-BE54-9A1E7A4F7556}") = "cw6", "cw6.csproj", "{937BA672-6484-4C3F-B36E-487A78702FAE}"
EndProject
Global
	GlobalSection(SolutionConfigurationPlatforms) = preSolution
		Debug|Any CPU = Debug|Any CPU
		Release|Any CPU = Release|Any CPU
	EndGlobalSection
	GlobalSection(ProjectConfigurationPlatforms) = postSolution
		{937BA672-6484-4C3F-B36E-487A78702FAE}.Debug|Any CPU.ActiveCfg = Debug|Any CPU
		{937BA672-6484-4C3F-B36E-487A78702FAE}.Debug|Any CPU.Build.0 = Debug|Any CPU
		{937BA672-6484-4C3F-B36E-487A78702FAE}.Release|Any CPU.ActiveCfg = Release|Any CPU
		{937BA672-6484-4C3F-B36E-487A78702FAE}.Release|Any CPU.Build.0 = Release|Any CPU
	EndGlobalSection
	GlobalSection(SolutionProperties) = preSolution
		HideSolutionNode = FALSE
	EndGlobalSection
	GlobalSection(ExtensibilityGlobals) = postSolution
		SolutionGuid = {A30E50AD-99FB-42B9-B713-F2EAB959A283}
	EndGlobalSection
EndGlobal
