
Microsoft Visual Studio Solution File, Format Version 12.00
# Visual Studio Version 17
VisualStudioVersion = 17.5.002.0
MinimumVisualStudioVersion = 10.0.40219.1
Project("{9A19103F-16F7-4668-BE54-9A1E7A4F7556}") = "cw5-ef", "cw5-ef.csproj", "{CBC00418-A0D4-40DF-ADBF-A0EFB4F0AC97}"
EndProject
Global
	GlobalSection(SolutionConfigurationPlatforms) = preSolution
		Debug|Any CPU = Debug|Any CPU
		Release|Any CPU = Release|Any CPU
	EndGlobalSection
	GlobalSection(ProjectConfigurationPlatforms) = postSolution
		{CBC00418-A0D4-40DF-ADBF-A0EFB4F0AC97}.Debug|Any CPU.ActiveCfg = Debug|Any CPU
		{CBC00418-A0D4-40DF-ADBF-A0EFB4F0AC97}.Debug|Any CPU.Build.0 = Debug|Any CPU
		{CBC00418-A0D4-40DF-ADBF-A0EFB4F0AC97}.Release|Any CPU.ActiveCfg = Release|Any CPU
		{CBC00418-A0D4-40DF-ADBF-A0EFB4F0AC97}.Release|Any CPU.Build.0 = Release|Any CPU
	EndGlobalSection
	GlobalSection(SolutionProperties) = preSolution
		HideSolutionNode = FALSE
	EndGlobalSection
	GlobalSection(ExtensibilityGlobals) = postSolution
		SolutionGuid = {BFB82F0F-5AB7-4248-AF34-B09BD56697EA}
	EndGlobalSection
EndGlobal
