
Microsoft Visual Studio Solution File, Format Version 12.00
# Visual Studio Version 17
VisualStudioVersion = 17.5.002.0
MinimumVisualStudioVersion = 10.0.40219.1
Project("{9A19103F-16F7-4668-BE54-9A1E7A4F7556}") = "cw2", "cw2.csproj", "{FB0F7EE6-80EB-4D2F-B5FE-4E497912B7A4}"
EndProject
Global
	GlobalSection(SolutionConfigurationPlatforms) = preSolution
		Debug|Any CPU = Debug|Any CPU
		Release|Any CPU = Release|Any CPU
	EndGlobalSection
	GlobalSection(ProjectConfigurationPlatforms) = postSolution
		{FB0F7EE6-80EB-4D2F-B5FE-4E497912B7A4}.Debug|Any CPU.ActiveCfg = Debug|Any CPU
		{FB0F7EE6-80EB-4D2F-B5FE-4E497912B7A4}.Debug|Any CPU.Build.0 = Debug|Any CPU
		{FB0F7EE6-80EB-4D2F-B5FE-4E497912B7A4}.Release|Any CPU.ActiveCfg = Release|Any CPU
		{FB0F7EE6-80EB-4D2F-B5FE-4E497912B7A4}.Release|Any CPU.Build.0 = Release|Any CPU
	EndGlobalSection
	GlobalSection(SolutionProperties) = preSolution
		HideSolutionNode = FALSE
	EndGlobalSection
	GlobalSection(ExtensibilityGlobals) = postSolution
		SolutionGuid = {FDF8AC59-2E7C-4EED-814B-EF6D2BEC1988}
	EndGlobalSection
EndGlobal
