
Microsoft Visual Studio Solution File, Format Version 12.00
# Visual Studio Version 17
VisualStudioVersion = 17.5.002.0
MinimumVisualStudioVersion = 10.0.40219.1
Project("{9A19103F-16F7-4668-BE54-9A1E7A4F7556}") = "cw4-api-mysql", "cw4-api-mysql.csproj", "{0E33FAA1-1961-47E7-A76B-D4109CBC5769}"
EndProject
Global
	GlobalSection(SolutionConfigurationPlatforms) = preSolution
		Debug|Any CPU = Debug|Any CPU
		Release|Any CPU = Release|Any CPU
	EndGlobalSection
	GlobalSection(ProjectConfigurationPlatforms) = postSolution
		{0E33FAA1-1961-47E7-A76B-D4109CBC5769}.Debug|Any CPU.ActiveCfg = Debug|Any CPU
		{0E33FAA1-1961-47E7-A76B-D4109CBC5769}.Debug|Any CPU.Build.0 = Debug|Any CPU
		{0E33FAA1-1961-47E7-A76B-D4109CBC5769}.Release|Any CPU.ActiveCfg = Release|Any CPU
		{0E33FAA1-1961-47E7-A76B-D4109CBC5769}.Release|Any CPU.Build.0 = Release|Any CPU
	EndGlobalSection
	GlobalSection(SolutionProperties) = preSolution
		HideSolutionNode = FALSE
	EndGlobalSection
	GlobalSection(ExtensibilityGlobals) = postSolution
		SolutionGuid = {BE4EA1DA-2FEC-4BB2-B280-E90FE3A09117}
	EndGlobalSection
EndGlobal
