
Microsoft Visual Studio Solution File, Format Version 12.00
# Visual Studio Version 17
VisualStudioVersion = 17.5.002.0
MinimumVisualStudioVersion = 10.0.40219.1
Project("{9A19103F-16F7-4668-BE54-9A1E7A4F7556}") = "ark1-wycieczki", "ark1-wycieczki.csproj", "{1DA2C44E-6AF2-4440-BF4D-ADBEC8BC0A9A}"
EndProject
Global
	GlobalSection(SolutionConfigurationPlatforms) = preSolution
		Debug|Any CPU = Debug|Any CPU
		Release|Any CPU = Release|Any CPU
	EndGlobalSection
	GlobalSection(ProjectConfigurationPlatforms) = postSolution
		{1DA2C44E-6AF2-4440-BF4D-ADBEC8BC0A9A}.Debug|Any CPU.ActiveCfg = Debug|Any CPU
		{1DA2C44E-6AF2-4440-BF4D-ADBEC8BC0A9A}.Debug|Any CPU.Build.0 = Debug|Any CPU
		{1DA2C44E-6AF2-4440-BF4D-ADBEC8BC0A9A}.Release|Any CPU.ActiveCfg = Release|Any CPU
		{1DA2C44E-6AF2-4440-BF4D-ADBEC8BC0A9A}.Release|Any CPU.Build.0 = Release|Any CPU
	EndGlobalSection
	GlobalSection(SolutionProperties) = preSolution
		HideSolutionNode = FALSE
	EndGlobalSection
	GlobalSection(ExtensibilityGlobals) = postSolution
		SolutionGuid = {5DBD9401-80F1-4F65-AB97-7E559146AF10}
	EndGlobalSection
EndGlobal
