
Microsoft Visual Studio Solution File, Format Version 12.00
# Visual Studio Version 17
VisualStudioVersion = 17.5.002.0
MinimumVisualStudioVersion = 10.0.40219.1
Project("{9A19103F-16F7-4668-BE54-9A1E7A4F7556}") = "cw4", "cw4.csproj", "{9E58C5A8-1F58-4B4F-B0E7-3972739A13F2}"
EndProject
Global
	GlobalSection(SolutionConfigurationPlatforms) = preSolution
		Debug|Any CPU = Debug|Any CPU
		Release|Any CPU = Release|Any CPU
	EndGlobalSection
	GlobalSection(ProjectConfigurationPlatforms) = postSolution
		{9E58C5A8-1F58-4B4F-B0E7-3972739A13F2}.Debug|Any CPU.ActiveCfg = Debug|Any CPU
		{9E58C5A8-1F58-4B4F-B0E7-3972739A13F2}.Debug|Any CPU.Build.0 = Debug|Any CPU
		{9E58C5A8-1F58-4B4F-B0E7-3972739A13F2}.Release|Any CPU.ActiveCfg = Release|Any CPU
		{9E58C5A8-1F58-4B4F-B0E7-3972739A13F2}.Release|Any CPU.Build.0 = Release|Any CPU
	EndGlobalSection
	GlobalSection(SolutionProperties) = preSolution
		HideSolutionNode = FALSE
	EndGlobalSection
	GlobalSection(ExtensibilityGlobals) = postSolution
		SolutionGuid = {87802F01-0F58-4188-AF0D-A1D4FF97D9F7}
	EndGlobalSection
EndGlobal
