
Microsoft Visual Studio Solution File, Format Version 12.00
# Visual Studio Version 17
VisualStudioVersion = 17.14.36203.30
MinimumVisualStudioVersion = 10.0.40219.1
Project("{FAE04EC0-301F-11D3-BF4B-00C04F79EFBC}") = "Cezar.Domain", "Cezar.Domain\Cezar.Domain.csproj", "{C01B42AC-2025-4171-80DF-2FBB622355BF}"
EndProject
Project("{FAE04EC0-301F-11D3-BF4B-00C04F79EFBC}") = "Cezar.Tests", "Cezar.Tests\Cezar.Tests.csproj", "{F99E60E4-454D-4E95-B49B-109D30CBDF8B}"
EndProject
Project("{FAE04EC0-301F-11D3-BF4B-00C04F79EFBC}") = "Cezar.WinForms", "Cezar.WinForms\Cezar.WinForms.csproj", "{9AFFDD25-65E8-4C59-88A1-DA2AACA16D28}"
EndProject
Global
	GlobalSection(SolutionConfigurationPlatforms) = preSolution
		Debug|Any CPU = Debug|Any CPU
		Release|Any CPU = Release|Any CPU
	EndGlobalSection
	GlobalSection(ProjectConfigurationPlatforms) = postSolution
		{C01B42AC-2025-4171-80DF-2FBB622355BF}.Debug|Any CPU.ActiveCfg = Debug|Any CPU
		{C01B42AC-2025-4171-80DF-2FBB622355BF}.Debug|Any CPU.Build.0 = Debug|Any CPU
		{C01B42AC-2025-4171-80DF-2FBB622355BF}.Release|Any CPU.ActiveCfg = Release|Any CPU
		{C01B42AC-2025-4171-80DF-2FBB622355BF}.Release|Any CPU.Build.0 = Release|Any CPU
		{F99E60E4-454D-4E95-B49B-109D30CBDF8B}.Debug|Any CPU.ActiveCfg = Debug|Any CPU
		{F99E60E4-454D-4E95-B49B-109D30CBDF8B}.Debug|Any CPU.Build.0 = Debug|Any CPU
		{F99E60E4-454D-4E95-B49B-109D30CBDF8B}.Release|Any CPU.ActiveCfg = Release|Any CPU
		{F99E60E4-454D-4E95-B49B-109D30CBDF8B}.Release|Any CPU.Build.0 = Release|Any CPU
		{9AFFDD25-65E8-4C59-88A1-DA2AACA16D28}.Debug|Any CPU.ActiveCfg = Debug|Any CPU
		{9AFFDD25-65E8-4C59-88A1-DA2AACA16D28}.Debug|Any CPU.Build.0 = Debug|Any CPU
		{9AFFDD25-65E8-4C59-88A1-DA2AACA16D28}.Release|Any CPU.ActiveCfg = Release|Any CPU
		{9AFFDD25-65E8-4C59-88A1-DA2AACA16D28}.Release|Any CPU.Build.0 = Release|Any CPU
	EndGlobalSection
	GlobalSection(SolutionProperties) = preSolution
		HideSolutionNode = FALSE
	EndGlobalSection
	GlobalSection(ExtensibilityGlobals) = postSolution
		SolutionGuid = {27B49FB8-353C-40A7-B852-945132A6585C}
	EndGlobalSection
EndGlobal
