
Microsoft Visual Studio Solution File, Format Version 12.00
# Visual Studio Version 17
VisualStudioVersion = 17.5.002.0
MinimumVisualStudioVersion = 10.0.40219.1
Project("{9A19103F-16F7-4668-BE54-9A1E7A4F7556}") = "cw4ef", "cw4ef.csproj", "{089ECB99-8C12-4A2A-9D23-F4CED9EDFA74}"
EndProject
Global
	GlobalSection(SolutionConfigurationPlatforms) = preSolution
		Debug|Any CPU = Debug|Any CPU
		Release|Any CPU = Release|Any CPU
	EndGlobalSection
	GlobalSection(ProjectConfigurationPlatforms) = postSolution
		{089ECB99-8C12-4A2A-9D23-F4CED9EDFA74}.Debug|Any CPU.ActiveCfg = Debug|Any CPU
		{089ECB99-8C12-4A2A-9D23-F4CED9EDFA74}.Debug|Any CPU.Build.0 = Debug|Any CPU
		{089ECB99-8C12-4A2A-9D23-F4CED9EDFA74}.Release|Any CPU.ActiveCfg = Release|Any CPU
		{089ECB99-8C12-4A2A-9D23-F4CED9EDFA74}.Release|Any CPU.Build.0 = Release|Any CPU
	EndGlobalSection
	GlobalSection(SolutionProperties) = preSolution
		HideSolutionNode = FALSE
	EndGlobalSection
	GlobalSection(ExtensibilityGlobals) = postSolution
		SolutionGuid = {E968BC2D-F836-4766-A1E0-773157CAE3B7}
	EndGlobalSection
EndGlobal
